
Microsoft Visual Studio Solution File, Format Version 12.00
# Visual Studio Version 16
VisualStudioVersion = 16.0.31424.327
MinimumVisualStudioVersion = 10.0.40219.1
Project("{9A19103F-16F7-4668-BE54-9A1E7A4F7556}") = "TechStyle.dominio", "TechStyle.dominio\TechStyle.dominio.csproj", "{531DD431-F9A8-48C6-89D0-0C7A42113BF3}"
EndProject
Project("{9A19103F-16F7-4668-BE54-9A1E7A4F7556}") = "TechStyle.API", "TechStyle.API\TechStyle.API.csproj", "{E87884DC-E364-4900-AA63-5002ABF4940F}"
EndProject
Global
	GlobalSection(SolutionConfigurationPlatforms) = preSolution
		Debug|Any CPU = Debug|Any CPU
		Release|Any CPU = Release|Any CPU
	EndGlobalSection
	GlobalSection(ProjectConfigurationPlatforms) = postSolution
		{531DD431-F9A8-48C6-89D0-0C7A42113BF3}.Debug|Any CPU.ActiveCfg = Debug|Any CPU
		{531DD431-F9A8-48C6-89D0-0C7A42113BF3}.Debug|Any CPU.Build.0 = Debug|Any CPU
		{531DD431-F9A8-48C6-89D0-0C7A42113BF3}.Release|Any CPU.ActiveCfg = Release|Any CPU
		{531DD431-F9A8-48C6-89D0-0C7A42113BF3}.Release|Any CPU.Build.0 = Release|Any CPU
		{E87884DC-E364-4900-AA63-5002ABF4940F}.Debug|Any CPU.ActiveCfg = Debug|Any CPU
		{E87884DC-E364-4900-AA63-5002ABF4940F}.Debug|Any CPU.Build.0 = Debug|Any CPU
		{E87884DC-E364-4900-AA63-5002ABF4940F}.Release|Any CPU.ActiveCfg = Release|Any CPU
		{E87884DC-E364-4900-AA63-5002ABF4940F}.Release|Any CPU.Build.0 = Release|Any CPU
	EndGlobalSection
	GlobalSection(SolutionProperties) = preSolution
		HideSolutionNode = FALSE
	EndGlobalSection
	GlobalSection(ExtensibilityGlobals) = postSolution
		SolutionGuid = {03A971AE-1E82-4490-A27A-C0059959C44F}
	EndGlobalSection
EndGlobal
